
Microsoft Visual Studio Solution File, Format Version 12.00
# Visual Studio Version 17
VisualStudioVersion = 17.8.34511.84
MinimumVisualStudioVersion = 10.0.40219.1
Project("{6989167D-11E4-40FE-8C1A-2192A86A7E90}") = "OMP_test", "OMP_test\OMP_test.vfproj", "{E624B398-B4CA-4B48-B2EE-E52ED083977D}"
EndProject
Global
	GlobalSection(SolutionConfigurationPlatforms) = preSolution
		Debug|x64 = Debug|x64
		Debug|x86 = Debug|x86
		Release|x64 = Release|x64
		Release|x86 = Release|x86
	EndGlobalSection
	GlobalSection(ProjectConfigurationPlatforms) = postSolution
		{E624B398-B4CA-4B48-B2EE-E52ED083977D}.Debug|x64.ActiveCfg = Debug|x64
		{E624B398-B4CA-4B48-B2EE-E52ED083977D}.Debug|x64.Build.0 = Debug|x64
		{E624B398-B4CA-4B48-B2EE-E52ED083977D}.Debug|x86.ActiveCfg = Debug|Win32
		{E624B398-B4CA-4B48-B2EE-E52ED083977D}.Debug|x86.Build.0 = Debug|Win32
		{E624B398-B4CA-4B48-B2EE-E52ED083977D}.Release|x64.ActiveCfg = Release|x64
		{E624B398-B4CA-4B48-B2EE-E52ED083977D}.Release|x64.Build.0 = Release|x64
		{E624B398-B4CA-4B48-B2EE-E52ED083977D}.Release|x86.ActiveCfg = Release|Win32
		{E624B398-B4CA-4B48-B2EE-E52ED083977D}.Release|x86.Build.0 = Release|Win32
	EndGlobalSection
	GlobalSection(SolutionProperties) = preSolution
		HideSolutionNode = FALSE
	EndGlobalSection
	GlobalSection(ExtensibilityGlobals) = postSolution
		SolutionGuid = {D03AAED3-2C65-404F-91D7-DD811C53F7A4}
	EndGlobalSection
EndGlobal
